<?xml version="1.0" encoding="utf-8"?>
<Project ToolsVersion="4.0" xmlns="http://schemas.microsoft.com/developer/msbuild/2003">
  <ItemGroup>
    <Filter Include="Source Files">
      <UniqueIdentifier>{4FC737F1-C7A5-4376-A066-2A32D752A2FF}</UniqueIdentifier>
      <Extensions>cpp;c;cc;cxx;def;odl;idl;hpj;bat;asm;asmx</Extensions>
    </Filter>
    <Filter Include="Header Files">
      <UniqueIdentifier>{93995380-89BD-4b04-88EB-625FBE52EBFB}</UniqueIdentifier>
      <Extensions>h;hh;hpp;hxx;hm;inl;inc;xsd</Extensions>
    </Filter>
    <Filter Include="Resource Files">
      <UniqueIdentifier>{67DA6AB6-F800-4c08-8B7A-83BB121AAD01}</UniqueIdentifier>
      <Extensions>rc;ico;cur;bmp;dlg;rc2;rct;bin;rgs;gif;jpg;jpeg;jpe;resx;tiff;tif;png;wav;mfcribbon-ms</Extensions>
    </Filter>
  </ItemGroup>
  <ItemGroup>
    <ClInclude Include="include\libpassion.h">
      <Filter>Header Files</Filter>
    </ClInclude>
    <ClInclude Include="include\utils\ps_api.h">
      <Filter>Header Files</Filter>
    </ClInclude>
    <ClInclude Include="include\utils\ps_version.h">
      <Filter>Header Files</Filter>
    </ClInclude>
    <ClInclude Include="include\utils\ps_status.h">
      <Filter>Header Files</Filter>
    </ClInclude>
    <ClInclude Include="include\passion.h">
      <Filter>Header Files</Filter>
    </ClInclude>
    <ClInclude Include="include\utils\ps_check.h">
      <Filter>Header Files</Filter>
    </ClInclude>
    <ClInclude Include="include\modules\ps_filesystem.h">
      <Filter>Header Files</Filter>
    </ClInclude>
    <ClInclude Include="include\modules\filesystem\ps_filemode.h">
      <Filter>Header Files</Filter>
    </ClInclude>
    <ClInclude Include="include\modules\filesystem\ps_filedecoder.h">
      <Filter>Header Files</Filter>
    </ClInclude>
    <ClInclude Include="include\modules\ps_callbacks.h">
      <Filter>Header Files</Filter>
    </ClInclude>
    <ClInclude Include="include\utils\ps_context.h">
      <Filter>Header Files</Filter>
    </ClInclude>
    <ClInclude Include="include\modules\ps_window.h">
      <Filter>Header Files</Filter>
    </ClInclude>
    <ClInclude Include="include\modules\ps_event.h">
      <Filter>Header Files</Filter>
    </ClInclude>
    <ClInclude Include="include\modules\ps_graphics.h">
      <Filter>Header Files</Filter>
    </ClInclude>
    <ClInclude Include="include\modules\ps_math.h">
      <Filter>Header Files</Filter>
    </ClInclude>
    <ClInclude Include="include\modules\math\ps_random_seed.h">
      <Filter>Header Files</Filter>
    </ClInclude>
    <ClInclude Include="include\modules\ps_timer.h">
      <Filter>Header Files</Filter>
    </ClInclude>
    <ClInclude Include="include\modules\timer\ps_time.h">
      <Filter>Header Files</Filter>
    </ClInclude>
    <ClInclude Include="include\utils\ps_platform.h">
      <Filter>Header Files</Filter>
    </ClInclude>
    <ClInclude Include="include\modules\graphics\ps_color.h">
      <Filter>Header Files</Filter>
    </ClInclude>
    <ClInclude Include="include\modules\event\ps_event_data.h">
      <Filter>Header Files</Filter>
    </ClInclude>
    <ClInclude Include="include\modules\event\ps_event_type.h">
      <Filter>Header Files</Filter>
    </ClInclude>
    <ClInclude Include="include\modules\event\ps_event_item.h">
      <Filter>Header Files</Filter>
    </ClInclude>
    <ClInclude Include="include\modules\window\ps_window_attributes.h">
      <Filter>Header Files</Filter>
    </ClInclude>
    <ClInclude Include="include\modules\window\ps_fullscreen_type.h">
      <Filter>Header Files</Filter>
    </ClInclude>
    <ClInclude Include="include\ps_config.h">
      <Filter>Header Files</Filter>
    </ClInclude>
    <ClInclude Include="include\modules\ps_touch.h">
      <Filter>Header Files</Filter>
    </ClInclude>
    <ClInclude Include="include\modules\touch\ps_touch_id.h">
      <Filter>Header Files</Filter>
    </ClInclude>
    <ClInclude Include="include\modules\touch\ps_touch_pressure.h">
      <Filter>Header Files</Filter>
    </ClInclude>
    <ClInclude Include="include\modules\touch\ps_touch_data.h">
      <Filter>Header Files</Filter>
    </ClInclude>
    <ClInclude Include="include\modules\touch\ps_touch_item.h">
      <Filter>Header Files</Filter>
    </ClInclude>
    <ClInclude Include="include\utils\ps_list.h">
      <Filter>Header Files</Filter>
    </ClInclude>
    <ClInclude Include="include\modules\ps_keyboard.h">
      <Filter>Header Files</Filter>
    </ClInclude>
    <ClInclude Include="include\modules\ps_mouse.h">
      <Filter>Header Files</Filter>
    </ClInclude>
    <ClInclude Include="include\modules\keyboard\ps_keycode.h">
      <Filter>Header Files</Filter>
    </ClInclude>
    <ClInclude Include="include\modules\keyboard\ps_scancode.h">
      <Filter>Header Files</Filter>
    </ClInclude>
    <ClInclude Include="include\modules\mouse\ps_mouse_button.h">
      <Filter>Header Files</Filter>
    </ClInclude>
    <ClInclude Include="include\modules\math\ps_random_generator.h">
      <Filter>Header Files</Filter>
    </ClInclude>
    <ClInclude Include="include\external\noise1234\noise1234.h">
      <Filter>Header Files</Filter>
    </ClInclude>
    <ClInclude Include="include\external\noise1234\simplexnoise1234.h">
      <Filter>Header Files</Filter>
    </ClInclude>
    <ClInclude Include="include\modules\system\ps_power_state.h">
      <Filter>Header Files</Filter>
    </ClInclude>
    <ClInclude Include="include\modules\ps_system.h">
      <Filter>Header Files</Filter>
    </ClInclude>
    <ClInclude Include="include\modules\system\ps_os.h">
      <Filter>Header Files</Filter>
    </ClInclude>
    <ClInclude Include="include\utils\ps_vector_2d.h">
      <Filter>Header Files</Filter>
    </ClInclude>
    <ClInclude Include="include\modules\graphics\ps_graphics_drawing.h">
      <Filter>Header Files</Filter>
    </ClInclude>
    <ClInclude Include="include\modules\graphics\ps_graphics_state.h">
      <Filter>Header Files</Filter>
    </ClInclude>
    <ClInclude Include="include\modules\graphics\ps_graphics_window.h">
      <Filter>Header Files</Filter>
    </ClInclude>
    <ClInclude Include="include\modules\graphics\ps_graphics_system_information.h">
      <Filter>Header Files</Filter>
    </ClInclude>
    <ClInclude Include="include\modules\graphics\ps_graphics_coordinate_system.h">
      <Filter>Header Files</Filter>
    </ClInclude>
  </ItemGroup>
  <ItemGroup>
    <ClCompile Include="source\libpassion.c">
      <Filter>Source Files</Filter>
    </ClCompile>
    <ClCompile Include="source\passion.c">
      <Filter>Source Files</Filter>
    </ClCompile>
    <ClCompile Include="source\modules\ps_filesystem.c">
      <Filter>Source Files</Filter>
    </ClCompile>
    <ClCompile Include="source\modules\ps_callbacks.c">
      <Filter>Source Files</Filter>
    </ClCompile>
    <ClCompile Include="source\modules\ps_window.c">
      <Filter>Source Files</Filter>
    </ClCompile>
    <ClCompile Include="source\modules\ps_event.c">
      <Filter>Source Files</Filter>
    </ClCompile>
    <ClCompile Include="source\modules\ps_graphics.c">
      <Filter>Source Files</Filter>
    </ClCompile>
    <ClCompile Include="source\modules\ps_math.c">
      <Filter>Source Files</Filter>
    </ClCompile>
    <ClCompile Include="source\modules\ps_timer.c">
      <Filter>Source Files</Filter>
    </ClCompile>
    <ClCompile Include="source\modules\event\ps_event_item.c">
      <Filter>Source Files</Filter>
    </ClCompile>
    <ClCompile Include="source\ps_config.c">
      <Filter>Source Files</Filter>
    </ClCompile>
    <ClCompile Include="source\modules\ps_touch.c">
      <Filter>Source Files</Filter>
    </ClCompile>
    <ClCompile Include="source\modules\touch\ps_touch_item.c">
      <Filter>Source Files</Filter>
    </ClCompile>
    <ClCompile Include="source\modules\ps_keyboard.c">
      <Filter>Source Files</Filter>
    </ClCompile>
    <ClCompile Include="source\modules\ps_mouse.c">
      <Filter>Source Files</Filter>
    </ClCompile>
    <ClCompile Include="source\modules\math\ps_random_generator.c">
      <Filter>Source Files</Filter>
    </ClCompile>
    <ClCompile Include="source\external\noise1234\noise1234.cpp">
      <Filter>Source Files</Filter>
    </ClCompile>
    <ClCompile Include="source\external\noise1234\simplexnoise1234.cpp">
      <Filter>Source Files</Filter>
    </ClCompile>
    <ClCompile Include="source\modules\ps_system.c">
      <Filter>Source Files</Filter>
    </ClCompile>
    <ClCompile Include="source\utils\ps_vector_2d.c">
      <Filter>Source Files</Filter>
    </ClCompile>
    <ClCompile Include="source\modules\graphics\ps_graphics_coordinate_system.c">
      <Filter>Source Files</Filter>
    </ClCompile>
    <ClCompile Include="source\modules\graphics\ps_graphics_drawing.c">
      <Filter>Source Files</Filter>
    </ClCompile>
    <ClCompile Include="source\modules\graphics\ps_graphics_state.c">
      <Filter>Source Files</Filter>
    </ClCompile>
    <ClCompile Include="source\modules\graphics\ps_graphics_system_information.c">
      <Filter>Source Files</Filter>
    </ClCompile>
    <ClCompile Include="source\modules\graphics\ps_graphics_window.c">
      <Filter>Source Files</Filter>
    </ClCompile>
  </ItemGroup>
</Project>